<Solution>
  <Project Path="TaxiManager9000.App/TaxiManager9000.App.csproj" />
  <Project Path="TaxiManager9000.DataAccess/TaxiManager9000.DataAccess.csproj" />
  <Project Path="TaxiManager9000.Domain/TaxiManager9000.Domain.csproj" />
  <Project Path="TaxiManager9000.Helpers/TaxiManager9000.Helpers.csproj" Id="d7423003-bdef-4d6d-ae19-925fc5931837" />
  <Project Path="TaxiManager9000.Services/TaxiManager9000.Services.csproj" />
</Solution>
